
Microsoft Visual Studio Solution File, Format Version 12.00
# Visual Studio Version 17
VisualStudioVersion = 17.0.31903.59
MinimumVisualStudioVersion = 10.0.40219.1
Project("{2150E333-8FDC-42A3-9474-1A3956D46DE8}") = "src", "src", "{827E0CD3-B72D-47B6-A68D-7590B98EB39B}"
EndProject
Project("{FAE04EC0-301F-11D3-BF4B-00C04F79EFBC}") = "CampusWallet.Domain", "src\CampusWallet.Domain\CampusWallet.Domain.csproj", "{280592E1-A1F9-4E3D-B72D-E774500EB350}"
EndProject
Project("{FAE04EC0-301F-11D3-BF4B-00C04F79EFBC}") = "Cafeteria.Domain", "src\Cafeteria.Domain\Cafeteria.Domain.csproj", "{9B7FF75F-2179-47A4-A7E5-41E16847D9AF}"
EndProject
Project("{FAE04EC0-301F-11D3-BF4B-00C04F79EFBC}") = "CourseRegistration.Domain", "src\CourseRegistration.Domain\CourseRegistration.Domain.csproj", "{0F02090D-2021-44C3-ABD8-B22C480180C0}"
EndProject
Project("{FAE04EC0-301F-11D3-BF4B-00C04F79EFBC}") = "LibraryLoan.Domain", "src\LibraryLoan.Domain\LibraryLoan.Domain.csproj", "{A6C86DE6-CDF9-4446-89AC-403FC1CF9C51}"
EndProject
Project("{FAE04EC0-301F-11D3-BF4B-00C04F79EFBC}") = "Parking.Domain", "src\Parking.Domain\Parking.Domain.csproj", "{53DDB5CB-1A9E-4EE9-8056-6B36F50E95B8}"
EndProject
Project("{FAE04EC0-301F-11D3-BF4B-00C04F79EFBC}") = "MobileData.Domain", "src\MobileData.Domain\MobileData.Domain.csproj", "{444FA808-6771-4C34-A879-A7B1F3A36217}"
EndProject
Project("{2150E333-8FDC-42A3-9474-1A3956D46DE8}") = "tests", "tests", "{0AB3BF05-4346-4AA6-1389-037BE0695223}"
EndProject
Project("{FAE04EC0-301F-11D3-BF4B-00C04F79EFBC}") = "CampusWallet.Domain.Tests", "tests\CampusWallet.Domain.Tests\CampusWallet.Domain.Tests.csproj", "{67ACCDF9-8326-4A58-863D-593D4169F620}"
EndProject
Project("{FAE04EC0-301F-11D3-BF4B-00C04F79EFBC}") = "Cafeteria.Domain.Tests", "tests\Cafeteria.Domain.Tests\Cafeteria.Domain.Tests.csproj", "{99F686E8-6F9F-4FDF-A88C-07DD884E4DBD}"
EndProject
Project("{FAE04EC0-301F-11D3-BF4B-00C04F79EFBC}") = "CourseRegistration.Domain.Tests", "tests\CourseRegistration.Domain.Tests\CourseRegistration.Domain.Tests.csproj", "{15ACE1B0-FDB9-4137-AF72-522AC560EA97}"
EndProject
Project("{FAE04EC0-301F-11D3-BF4B-00C04F79EFBC}") = "LibraryLoan.Domain.Tests", "tests\LibraryLoan.Domain.Tests\LibraryLoan.Domain.Tests.csproj", "{6B49A31B-9DDD-417A-8619-9D681ACF95C7}"
EndProject
Project("{FAE04EC0-301F-11D3-BF4B-00C04F79EFBC}") = "Parking.Domain.Tests", "tests\Parking.Domain.Tests\Parking.Domain.Tests.csproj", "{7B047E33-2772-427C-8FC1-F88D9CAA3E61}"
EndProject
Project("{FAE04EC0-301F-11D3-BF4B-00C04F79EFBC}") = "MobileData.Domain.Tests", "tests\MobileData.Domain.Tests\MobileData.Domain.Tests.csproj", "{1656E2E0-8C5C-49AF-9189-82876AD68782}"
EndProject
Global
	GlobalSection(SolutionConfigurationPlatforms) = preSolution
		Debug|Any CPU = Debug|Any CPU
		Debug|x64 = Debug|x64
		Debug|x86 = Debug|x86
		Release|Any CPU = Release|Any CPU
		Release|x64 = Release|x64
		Release|x86 = Release|x86
	EndGlobalSection
	GlobalSection(ProjectConfigurationPlatforms) = postSolution
		{280592E1-A1F9-4E3D-B72D-E774500EB350}.Debug|Any CPU.ActiveCfg = Debug|Any CPU
		{280592E1-A1F9-4E3D-B72D-E774500EB350}.Debug|Any CPU.Build.0 = Debug|Any CPU
		{280592E1-A1F9-4E3D-B72D-E774500EB350}.Debug|x64.ActiveCfg = Debug|Any CPU
		{280592E1-A1F9-4E3D-B72D-E774500EB350}.Debug|x64.Build.0 = Debug|Any CPU
		{280592E1-A1F9-4E3D-B72D-E774500EB350}.Debug|x86.ActiveCfg = Debug|Any CPU
		{280592E1-A1F9-4E3D-B72D-E774500EB350}.Debug|x86.Build.0 = Debug|Any CPU
		{280592E1-A1F9-4E3D-B72D-E774500EB350}.Release|Any CPU.ActiveCfg = Release|Any CPU
		{280592E1-A1F9-4E3D-B72D-E774500EB350}.Release|Any CPU.Build.0 = Release|Any CPU
		{280592E1-A1F9-4E3D-B72D-E774500EB350}.Release|x64.ActiveCfg = Release|Any CPU
		{280592E1-A1F9-4E3D-B72D-E774500EB350}.Release|x64.Build.0 = Release|Any CPU
		{280592E1-A1F9-4E3D-B72D-E774500EB350}.Release|x86.ActiveCfg = Release|Any CPU
		{280592E1-A1F9-4E3D-B72D-E774500EB350}.Release|x86.Build.0 = Release|Any CPU
		{9B7FF75F-2179-47A4-A7E5-41E16847D9AF}.Debug|Any CPU.ActiveCfg = Debug|Any CPU
		{9B7FF75F-2179-47A4-A7E5-41E16847D9AF}.Debug|Any CPU.Build.0 = Debug|Any CPU
		{9B7FF75F-2179-47A4-A7E5-41E16847D9AF}.Debug|x64.ActiveCfg = Debug|Any CPU
		{9B7FF75F-2179-47A4-A7E5-41E16847D9AF}.Debug|x64.Build.0 = Debug|Any CPU
		{9B7FF75F-2179-47A4-A7E5-41E16847D9AF}.Debug|x86.ActiveCfg = Debug|Any CPU
		{9B7FF75F-2179-47A4-A7E5-41E16847D9AF}.Debug|x86.Build.0 = Debug|Any CPU
		{9B7FF75F-2179-47A4-A7E5-41E16847D9AF}.Release|Any CPU.ActiveCfg = Release|Any CPU
		{9B7FF75F-2179-47A4-A7E5-41E16847D9AF}.Release|Any CPU.Build.0 = Release|Any CPU
		{9B7FF75F-2179-47A4-A7E5-41E16847D9AF}.Release|x64.ActiveCfg = Release|Any CPU
		{9B7FF75F-2179-47A4-A7E5-41E16847D9AF}.Release|x64.Build.0 = Release|Any CPU
		{9B7FF75F-2179-47A4-A7E5-41E16847D9AF}.Release|x86.ActiveCfg = Release|Any CPU
		{9B7FF75F-2179-47A4-A7E5-41E16847D9AF}.Release|x86.Build.0 = Release|Any CPU
		{0F02090D-2021-44C3-ABD8-B22C480180C0}.Debug|Any CPU.ActiveCfg = Debug|Any CPU
		{0F02090D-2021-44C3-ABD8-B22C480180C0}.Debug|Any CPU.Build.0 = Debug|Any CPU
		{0F02090D-2021-44C3-ABD8-B22C480180C0}.Debug|x64.ActiveCfg = Debug|Any CPU
		{0F02090D-2021-44C3-ABD8-B22C480180C0}.Debug|x64.Build.0 = Debug|Any CPU
		{0F02090D-2021-44C3-ABD8-B22C480180C0}.Debug|x86.ActiveCfg = Debug|Any CPU
		{0F02090D-2021-44C3-ABD8-B22C480180C0}.Debug|x86.Build.0 = Debug|Any CPU
		{0F02090D-2021-44C3-ABD8-B22C480180C0}.Release|Any CPU.ActiveCfg = Release|Any CPU
		{0F02090D-2021-44C3-ABD8-B22C480180C0}.Release|Any CPU.Build.0 = Release|Any CPU
		{0F02090D-2021-44C3-ABD8-B22C480180C0}.Release|x64.ActiveCfg = Release|Any CPU
		{0F02090D-2021-44C3-ABD8-B22C480180C0}.Release|x64.Build.0 = Release|Any CPU
		{0F02090D-2021-44C3-ABD8-B22C480180C0}.Release|x86.ActiveCfg = Release|Any CPU
		{0F02090D-2021-44C3-ABD8-B22C480180C0}.Release|x86.Build.0 = Release|Any CPU
		{A6C86DE6-CDF9-4446-89AC-403FC1CF9C51}.Debug|Any CPU.ActiveCfg = Debug|Any CPU
		{A6C86DE6-CDF9-4446-89AC-403FC1CF9C51}.Debug|Any CPU.Build.0 = Debug|Any CPU
		{A6C86DE6-CDF9-4446-89AC-403FC1CF9C51}.Debug|x64.ActiveCfg = Debug|Any CPU
		{A6C86DE6-CDF9-4446-89AC-403FC1CF9C51}.Debug|x64.Build.0 = Debug|Any CPU
		{A6C86DE6-CDF9-4446-89AC-403FC1CF9C51}.Debug|x86.ActiveCfg = Debug|Any CPU
		{A6C86DE6-CDF9-4446-89AC-403FC1CF9C51}.Debug|x86.Build.0 = Debug|Any CPU
		{A6C86DE6-CDF9-4446-89AC-403FC1CF9C51}.Release|Any CPU.ActiveCfg = Release|Any CPU
		{A6C86DE6-CDF9-4446-89AC-403FC1CF9C51}.Release|Any CPU.Build.0 = Release|Any CPU
		{A6C86DE6-CDF9-4446-89AC-403FC1CF9C51}.Release|x64.ActiveCfg = Release|Any CPU
		{A6C86DE6-CDF9-4446-89AC-403FC1CF9C51}.Release|x64.Build.0 = Release|Any CPU
		{A6C86DE6-CDF9-4446-89AC-403FC1CF9C51}.Release|x86.ActiveCfg = Release|Any CPU
		{A6C86DE6-CDF9-4446-89AC-403FC1CF9C51}.Release|x86.Build.0 = Release|Any CPU
		{53DDB5CB-1A9E-4EE9-8056-6B36F50E95B8}.Debug|Any CPU.ActiveCfg = Debug|Any CPU
		{53DDB5CB-1A9E-4EE9-8056-6B36F50E95B8}.Debug|Any CPU.Build.0 = Debug|Any CPU
		{53DDB5CB-1A9E-4EE9-8056-6B36F50E95B8}.Debug|x64.ActiveCfg = Debug|Any CPU
		{53DDB5CB-1A9E-4EE9-8056-6B36F50E95B8}.Debug|x64.Build.0 = Debug|Any CPU
		{53DDB5CB-1A9E-4EE9-8056-6B36F50E95B8}.Debug|x86.ActiveCfg = Debug|Any CPU
		{53DDB5CB-1A9E-4EE9-8056-6B36F50E95B8}.Debug|x86.Build.0 = Debug|Any CPU
		{53DDB5CB-1A9E-4EE9-8056-6B36F50E95B8}.Release|Any CPU.ActiveCfg = Release|Any CPU
		{53DDB5CB-1A9E-4EE9-8056-6B36F50E95B8}.Release|Any CPU.Build.0 = Release|Any CPU
		{53DDB5CB-1A9E-4EE9-8056-6B36F50E95B8}.Release|x64.ActiveCfg = Release|Any CPU
		{53DDB5CB-1A9E-4EE9-8056-6B36F50E95B8}.Release|x64.Build.0 = Release|Any CPU
		{53DDB5CB-1A9E-4EE9-8056-6B36F50E95B8}.Release|x86.ActiveCfg = Release|Any CPU
		{53DDB5CB-1A9E-4EE9-8056-6B36F50E95B8}.Release|x86.Build.0 = Release|Any CPU
		{444FA808-6771-4C34-A879-A7B1F3A36217}.Debug|Any CPU.ActiveCfg = Debug|Any CPU
		{444FA808-6771-4C34-A879-A7B1F3A36217}.Debug|Any CPU.Build.0 = Debug|Any CPU
		{444FA808-6771-4C34-A879-A7B1F3A36217}.Debug|x64.ActiveCfg = Debug|Any CPU
		{444FA808-6771-4C34-A879-A7B1F3A36217}.Debug|x64.Build.0 = Debug|Any CPU
		{444FA808-6771-4C34-A879-A7B1F3A36217}.Debug|x86.ActiveCfg = Debug|Any CPU
		{444FA808-6771-4C34-A879-A7B1F3A36217}.Debug|x86.Build.0 = Debug|Any CPU
		{444FA808-6771-4C34-A879-A7B1F3A36217}.Release|Any CPU.ActiveCfg = Release|Any CPU
		{444FA808-6771-4C34-A879-A7B1F3A36217}.Release|Any CPU.Build.0 = Release|Any CPU
		{444FA808-6771-4C34-A879-A7B1F3A36217}.Release|x64.ActiveCfg = Release|Any CPU
		{444FA808-6771-4C34-A879-A7B1F3A36217}.Release|x64.Build.0 = Release|Any CPU
		{444FA808-6771-4C34-A879-A7B1F3A36217}.Release|x86.ActiveCfg = Release|Any CPU
		{444FA808-6771-4C34-A879-A7B1F3A36217}.Release|x86.Build.0 = Release|Any CPU
		{67ACCDF9-8326-4A58-863D-593D4169F620}.Debug|Any CPU.ActiveCfg = Debug|Any CPU
		{67ACCDF9-8326-4A58-863D-593D4169F620}.Debug|Any CPU.Build.0 = Debug|Any CPU
		{67ACCDF9-8326-4A58-863D-593D4169F620}.Debug|x64.ActiveCfg = Debug|Any CPU
		{67ACCDF9-8326-4A58-863D-593D4169F620}.Debug|x64.Build.0 = Debug|Any CPU
		{67ACCDF9-8326-4A58-863D-593D4169F620}.Debug|x86.ActiveCfg = Debug|Any CPU
		{67ACCDF9-8326-4A58-863D-593D4169F620}.Debug|x86.Build.0 = Debug|Any CPU
		{67ACCDF9-8326-4A58-863D-593D4169F620}.Release|Any CPU.ActiveCfg = Release|Any CPU
		{67ACCDF9-8326-4A58-863D-593D4169F620}.Release|Any CPU.Build.0 = Release|Any CPU
		{67ACCDF9-8326-4A58-863D-593D4169F620}.Release|x64.ActiveCfg = Release|Any CPU
		{67ACCDF9-8326-4A58-863D-593D4169F620}.Release|x64.Build.0 = Release|Any CPU
		{67ACCDF9-8326-4A58-863D-593D4169F620}.Release|x86.ActiveCfg = Release|Any CPU
		{67ACCDF9-8326-4A58-863D-593D4169F620}.Release|x86.Build.0 = Release|Any CPU
		{99F686E8-6F9F-4FDF-A88C-07DD884E4DBD}.Debug|Any CPU.ActiveCfg = Debug|Any CPU
		{99F686E8-6F9F-4FDF-A88C-07DD884E4DBD}.Debug|Any CPU.Build.0 = Debug|Any CPU
		{99F686E8-6F9F-4FDF-A88C-07DD884E4DBD}.Debug|x64.ActiveCfg = Debug|Any CPU
		{99F686E8-6F9F-4FDF-A88C-07DD884E4DBD}.Debug|x64.Build.0 = Debug|Any CPU
		{99F686E8-6F9F-4FDF-A88C-07DD884E4DBD}.Debug|x86.ActiveCfg = Debug|Any CPU
		{99F686E8-6F9F-4FDF-A88C-07DD884E4DBD}.Debug|x86.Build.0 = Debug|Any CPU
		{99F686E8-6F9F-4FDF-A88C-07DD884E4DBD}.Release|Any CPU.ActiveCfg = Release|Any CPU
		{99F686E8-6F9F-4FDF-A88C-07DD884E4DBD}.Release|Any CPU.Build.0 = Release|Any CPU
		{99F686E8-6F9F-4FDF-A88C-07DD884E4DBD}.Release|x64.ActiveCfg = Release|Any CPU
		{99F686E8-6F9F-4FDF-A88C-07DD884E4DBD}.Release|x64.Build.0 = Release|Any CPU
		{99F686E8-6F9F-4FDF-A88C-07DD884E4DBD}.Release|x86.ActiveCfg = Release|Any CPU
		{99F686E8-6F9F-4FDF-A88C-07DD884E4DBD}.Release|x86.Build.0 = Release|Any CPU
		{15ACE1B0-FDB9-4137-AF72-522AC560EA97}.Debug|Any CPU.ActiveCfg = Debug|Any CPU
		{15ACE1B0-FDB9-4137-AF72-522AC560EA97}.Debug|Any CPU.Build.0 = Debug|Any CPU
		{15ACE1B0-FDB9-4137-AF72-522AC560EA97}.Debug|x64.ActiveCfg = Debug|Any CPU
		{15ACE1B0-FDB9-4137-AF72-522AC560EA97}.Debug|x64.Build.0 = Debug|Any CPU
		{15ACE1B0-FDB9-4137-AF72-522AC560EA97}.Debug|x86.ActiveCfg = Debug|Any CPU
		{15ACE1B0-FDB9-4137-AF72-522AC560EA97}.Debug|x86.Build.0 = Debug|Any CPU
		{15ACE1B0-FDB9-4137-AF72-522AC560EA97}.Release|Any CPU.ActiveCfg = Release|Any CPU
		{15ACE1B0-FDB9-4137-AF72-522AC560EA97}.Release|Any CPU.Build.0 = Release|Any CPU
		{15ACE1B0-FDB9-4137-AF72-522AC560EA97}.Release|x64.ActiveCfg = Release|Any CPU
		{15ACE1B0-FDB9-4137-AF72-522AC560EA97}.Release|x64.Build.0 = Release|Any CPU
		{15ACE1B0-FDB9-4137-AF72-522AC560EA97}.Release|x86.ActiveCfg = Release|Any CPU
		{15ACE1B0-FDB9-4137-AF72-522AC560EA97}.Release|x86.Build.0 = Release|Any CPU
		{6B49A31B-9DDD-417A-8619-9D681ACF95C7}.Debug|Any CPU.ActiveCfg = Debug|Any CPU
		{6B49A31B-9DDD-417A-8619-9D681ACF95C7}.Debug|Any CPU.Build.0 = Debug|Any CPU
		{6B49A31B-9DDD-417A-8619-9D681ACF95C7}.Debug|x64.ActiveCfg = Debug|Any CPU
		{6B49A31B-9DDD-417A-8619-9D681ACF95C7}.Debug|x64.Build.0 = Debug|Any CPU
		{6B49A31B-9DDD-417A-8619-9D681ACF95C7}.Debug|x86.ActiveCfg = Debug|Any CPU
		{6B49A31B-9DDD-417A-8619-9D681ACF95C7}.Debug|x86.Build.0 = Debug|Any CPU
		{6B49A31B-9DDD-417A-8619-9D681ACF95C7}.Release|Any CPU.ActiveCfg = Release|Any CPU
		{6B49A31B-9DDD-417A-8619-9D681ACF95C7}.Release|Any CPU.Build.0 = Release|Any CPU
		{6B49A31B-9DDD-417A-8619-9D681ACF95C7}.Release|x64.ActiveCfg = Release|Any CPU
		{6B49A31B-9DDD-417A-8619-9D681ACF95C7}.Release|x64.Build.0 = Release|Any CPU
		{6B49A31B-9DDD-417A-8619-9D681ACF95C7}.Release|x86.ActiveCfg = Release|Any CPU
		{6B49A31B-9DDD-417A-8619-9D681ACF95C7}.Release|x86.Build.0 = Release|Any CPU
		{7B047E33-2772-427C-8FC1-F88D9CAA3E61}.Debug|Any CPU.ActiveCfg = Debug|Any CPU
		{7B047E33-2772-427C-8FC1-F88D9CAA3E61}.Debug|Any CPU.Build.0 = Debug|Any CPU
		{7B047E33-2772-427C-8FC1-F88D9CAA3E61}.Debug|x64.ActiveCfg = Debug|Any CPU
		{7B047E33-2772-427C-8FC1-F88D9CAA3E61}.Debug|x64.Build.0 = Debug|Any CPU
		{7B047E33-2772-427C-8FC1-F88D9CAA3E61}.Debug|x86.ActiveCfg = Debug|Any CPU
		{7B047E33-2772-427C-8FC1-F88D9CAA3E61}.Debug|x86.Build.0 = Debug|Any CPU
		{7B047E33-2772-427C-8FC1-F88D9CAA3E61}.Release|Any CPU.ActiveCfg = Release|Any CPU
		{7B047E33-2772-427C-8FC1-F88D9CAA3E61}.Release|Any CPU.Build.0 = Release|Any CPU
		{7B047E33-2772-427C-8FC1-F88D9CAA3E61}.Release|x64.ActiveCfg = Release|Any CPU
		{7B047E33-2772-427C-8FC1-F88D9CAA3E61}.Release|x64.Build.0 = Release|Any CPU
		{7B047E33-2772-427C-8FC1-F88D9CAA3E61}.Release|x86.ActiveCfg = Release|Any CPU
		{7B047E33-2772-427C-8FC1-F88D9CAA3E61}.Release|x86.Build.0 = Release|Any CPU
		{1656E2E0-8C5C-49AF-9189-82876AD68782}.Debug|Any CPU.ActiveCfg = Debug|Any CPU
		{1656E2E0-8C5C-49AF-9189-82876AD68782}.Debug|Any CPU.Build.0 = Debug|Any CPU
		{1656E2E0-8C5C-49AF-9189-82876AD68782}.Debug|x64.ActiveCfg = Debug|Any CPU
		{1656E2E0-8C5C-49AF-9189-82876AD68782}.Debug|x64.Build.0 = Debug|Any CPU
		{1656E2E0-8C5C-49AF-9189-82876AD68782}.Debug|x86.ActiveCfg = Debug|Any CPU
		{1656E2E0-8C5C-49AF-9189-82876AD68782}.Debug|x86.Build.0 = Debug|Any CPU
		{1656E2E0-8C5C-49AF-9189-82876AD68782}.Release|Any CPU.ActiveCfg = Release|Any CPU
		{1656E2E0-8C5C-49AF-9189-82876AD68782}.Release|Any CPU.Build.0 = Release|Any CPU
		{1656E2E0-8C5C-49AF-9189-82876AD68782}.Release|x64.ActiveCfg = Release|Any CPU
		{1656E2E0-8C5C-49AF-9189-82876AD68782}.Release|x64.Build.0 = Release|Any CPU
		{1656E2E0-8C5C-49AF-9189-82876AD68782}.Release|x86.ActiveCfg = Release|Any CPU
		{1656E2E0-8C5C-49AF-9189-82876AD68782}.Release|x86.Build.0 = Release|Any CPU
	EndGlobalSection
	GlobalSection(SolutionProperties) = preSolution
		HideSolutionNode = FALSE
	EndGlobalSection
	GlobalSection(NestedProjects) = preSolution
		{280592E1-A1F9-4E3D-B72D-E774500EB350} = {827E0CD3-B72D-47B6-A68D-7590B98EB39B}
		{9B7FF75F-2179-47A4-A7E5-41E16847D9AF} = {827E0CD3-B72D-47B6-A68D-7590B98EB39B}
		{0F02090D-2021-44C3-ABD8-B22C480180C0} = {827E0CD3-B72D-47B6-A68D-7590B98EB39B}
		{A6C86DE6-CDF9-4446-89AC-403FC1CF9C51} = {827E0CD3-B72D-47B6-A68D-7590B98EB39B}
		{53DDB5CB-1A9E-4EE9-8056-6B36F50E95B8} = {827E0CD3-B72D-47B6-A68D-7590B98EB39B}
		{444FA808-6771-4C34-A879-A7B1F3A36217} = {827E0CD3-B72D-47B6-A68D-7590B98EB39B}
		{67ACCDF9-8326-4A58-863D-593D4169F620} = {0AB3BF05-4346-4AA6-1389-037BE0695223}
		{99F686E8-6F9F-4FDF-A88C-07DD884E4DBD} = {0AB3BF05-4346-4AA6-1389-037BE0695223}
		{15ACE1B0-FDB9-4137-AF72-522AC560EA97} = {0AB3BF05-4346-4AA6-1389-037BE0695223}
		{6B49A31B-9DDD-417A-8619-9D681ACF95C7} = {0AB3BF05-4346-4AA6-1389-037BE0695223}
		{7B047E33-2772-427C-8FC1-F88D9CAA3E61} = {0AB3BF05-4346-4AA6-1389-037BE0695223}
		{1656E2E0-8C5C-49AF-9189-82876AD68782} = {0AB3BF05-4346-4AA6-1389-037BE0695223}
	EndGlobalSection
EndGlobal
